
Microsoft Visual Studio Solution File, Format Version 12.00
# Visual Studio Version 17
VisualStudioVersion = 17.9.34728.123
MinimumVisualStudioVersion = 10.0.40219.1
Project("{FAE04EC0-301F-11D3-BF4B-00C04F79EFBC}") = "Simplex", "Simplex\Simplex.csproj", "{10B1552C-C3E7-4FC5-9865-781D97CCDB20}"
EndProject
Global
	GlobalSection(SolutionConfigurationPlatforms) = preSolution
		Debug|Any CPU = Debug|Any CPU
		Release|Any CPU = Release|Any CPU
	EndGlobalSection
	GlobalSection(ProjectConfigurationPlatforms) = postSolution
		{10B1552C-C3E7-4FC5-9865-781D97CCDB20}.Debug|Any CPU.ActiveCfg = Debug|Any CPU
		{10B1552C-C3E7-4FC5-9865-781D97CCDB20}.Debug|Any CPU.Build.0 = Debug|Any CPU
		{10B1552C-C3E7-4FC5-9865-781D97CCDB20}.Release|Any CPU.ActiveCfg = Release|Any CPU
		{10B1552C-C3E7-4FC5-9865-781D97CCDB20}.Release|Any CPU.Build.0 = Release|Any CPU
	EndGlobalSection
	GlobalSection(SolutionProperties) = preSolution
		HideSolutionNode = FALSE
	EndGlobalSection
	GlobalSection(ExtensibilityGlobals) = postSolution
		SolutionGuid = {8A165B65-D782-4D00-90A1-6135987C448C}
	EndGlobalSection
EndGlobal
