
Microsoft Visual Studio Solution File, Format Version 12.00
# Visual Studio Version 17
VisualStudioVersion = 17.10.34607.79
MinimumVisualStudioVersion = 10.0.40219.1
Project("{FAE04EC0-301F-11D3-BF4B-00C04F79EFBC}") = "WFDynamicCoding", "WFDynamicCoding.csproj", "{6CE8C706-7A63-40FA-8122-10F70C39CD98}"
EndProject
Global
	GlobalSection(SolutionConfigurationPlatforms) = preSolution
		Debug|Any CPU = Debug|Any CPU
		Release|Any CPU = Release|Any CPU
	EndGlobalSection
	GlobalSection(ProjectConfigurationPlatforms) = postSolution
		{6CE8C706-7A63-40FA-8122-10F70C39CD98}.Debug|Any CPU.ActiveCfg = Debug|Any CPU
		{6CE8C706-7A63-40FA-8122-10F70C39CD98}.Debug|Any CPU.Build.0 = Debug|Any CPU
		{6CE8C706-7A63-40FA-8122-10F70C39CD98}.Release|Any CPU.ActiveCfg = Release|Any CPU
		{6CE8C706-7A63-40FA-8122-10F70C39CD98}.Release|Any CPU.Build.0 = Release|Any CPU
	EndGlobalSection
	GlobalSection(SolutionProperties) = preSolution
		HideSolutionNode = FALSE
	EndGlobalSection
	GlobalSection(ExtensibilityGlobals) = postSolution
		SolutionGuid = {287D0B81-6C24-4CF7-8FA0-18BC670783A3}
	EndGlobalSection
EndGlobal
